
Microsoft Visual Studio Solution File, Format Version 12.00
# Visual Studio 2012
Project("{FAE04EC0-301F-11D3-BF4B-00C04F79EFBC}") = "LevelHelper2CocoSharp.iOS", "LevelHelper2CocoSharp\LevelHelper2CocoSharp.iOS\LevelHelper2CocoSharp.iOS.csproj", "{BDC99CB9-5757-45ED-8416-253DE6B13A0A}"
EndProject
Project("{FAE04EC0-301F-11D3-BF4B-00C04F79EFBC}") = "LevelHelper2CocoSharp.Android", "LevelHelper2CocoSharp\LevelHelper2CocoSharp.Android\LevelHelper2CocoSharp.Android.csproj", "{59365D36-8092-4450-B4D4-CFFB1F8F68D5}"
EndProject
Project("{FAE04EC0-301F-11D3-BF4B-00C04F79EFBC}") = "LevelHelper2CocoSharp.Common", "LevelHelper2CocoSharp\LevelHelper2CocoSharp.Common\LevelHelper2CocoSharp.Common.csproj", "{5AC8C8A9-CBBC-4FB5-8323-BE841CD5F605}"
EndProject
Global
	GlobalSection(SolutionConfigurationPlatforms) = preSolution
		Debug|iPhoneSimulator = Debug|iPhoneSimulator
		Release|iPhoneSimulator = Release|iPhoneSimulator
		Debug|iPhone = Debug|iPhone
		Release|iPhone = Release|iPhone
		Ad-Hoc|iPhone = Ad-Hoc|iPhone
		AppStore|iPhone = AppStore|iPhone
		Debug|Any CPU = Debug|Any CPU
		Release|Any CPU = Release|Any CPU
	EndGlobalSection
	GlobalSection(ProjectConfigurationPlatforms) = postSolution
		{59365D36-8092-4450-B4D4-CFFB1F8F68D5}.Ad-Hoc|iPhone.ActiveCfg = Release|Any CPU
		{59365D36-8092-4450-B4D4-CFFB1F8F68D5}.Ad-Hoc|iPhone.Build.0 = Release|Any CPU
		{59365D36-8092-4450-B4D4-CFFB1F8F68D5}.AppStore|iPhone.ActiveCfg = Release|Any CPU
		{59365D36-8092-4450-B4D4-CFFB1F8F68D5}.AppStore|iPhone.Build.0 = Release|Any CPU
		{59365D36-8092-4450-B4D4-CFFB1F8F68D5}.Debug|Any CPU.ActiveCfg = Debug|Any CPU
		{59365D36-8092-4450-B4D4-CFFB1F8F68D5}.Debug|Any CPU.Build.0 = Debug|Any CPU
		{59365D36-8092-4450-B4D4-CFFB1F8F68D5}.Debug|iPhone.ActiveCfg = Debug|Any CPU
		{59365D36-8092-4450-B4D4-CFFB1F8F68D5}.Debug|iPhone.Build.0 = Debug|Any CPU
		{59365D36-8092-4450-B4D4-CFFB1F8F68D5}.Debug|iPhoneSimulator.ActiveCfg = Debug|Any CPU
		{59365D36-8092-4450-B4D4-CFFB1F8F68D5}.Debug|iPhoneSimulator.Build.0 = Debug|Any CPU
		{59365D36-8092-4450-B4D4-CFFB1F8F68D5}.Release|Any CPU.ActiveCfg = Release|Any CPU
		{59365D36-8092-4450-B4D4-CFFB1F8F68D5}.Release|Any CPU.Build.0 = Release|Any CPU
		{59365D36-8092-4450-B4D4-CFFB1F8F68D5}.Release|iPhone.ActiveCfg = Release|Any CPU
		{59365D36-8092-4450-B4D4-CFFB1F8F68D5}.Release|iPhone.Build.0 = Release|Any CPU
		{59365D36-8092-4450-B4D4-CFFB1F8F68D5}.Release|iPhoneSimulator.ActiveCfg = Release|Any CPU
		{59365D36-8092-4450-B4D4-CFFB1F8F68D5}.Release|iPhoneSimulator.Build.0 = Release|Any CPU
		{5AC8C8A9-CBBC-4FB5-8323-BE841CD5F605}.Ad-Hoc|iPhone.ActiveCfg = Release|Any CPU
		{5AC8C8A9-CBBC-4FB5-8323-BE841CD5F605}.Ad-Hoc|iPhone.Build.0 = Release|Any CPU
		{5AC8C8A9-CBBC-4FB5-8323-BE841CD5F605}.AppStore|iPhone.ActiveCfg = Release|Any CPU
		{5AC8C8A9-CBBC-4FB5-8323-BE841CD5F605}.AppStore|iPhone.Build.0 = Release|Any CPU
		{5AC8C8A9-CBBC-4FB5-8323-BE841CD5F605}.Debug|Any CPU.ActiveCfg = Debug|Any CPU
		{5AC8C8A9-CBBC-4FB5-8323-BE841CD5F605}.Debug|Any CPU.Build.0 = Debug|Any CPU
		{5AC8C8A9-CBBC-4FB5-8323-BE841CD5F605}.Debug|iPhone.ActiveCfg = Debug|Any CPU
		{5AC8C8A9-CBBC-4FB5-8323-BE841CD5F605}.Debug|iPhone.Build.0 = Debug|Any CPU
		{5AC8C8A9-CBBC-4FB5-8323-BE841CD5F605}.Debug|iPhoneSimulator.ActiveCfg = Debug|Any CPU
		{5AC8C8A9-CBBC-4FB5-8323-BE841CD5F605}.Debug|iPhoneSimulator.Build.0 = Debug|Any CPU
		{5AC8C8A9-CBBC-4FB5-8323-BE841CD5F605}.Release|Any CPU.ActiveCfg = Release|Any CPU
		{5AC8C8A9-CBBC-4FB5-8323-BE841CD5F605}.Release|Any CPU.Build.0 = Release|Any CPU
		{5AC8C8A9-CBBC-4FB5-8323-BE841CD5F605}.Release|iPhone.ActiveCfg = Release|Any CPU
		{5AC8C8A9-CBBC-4FB5-8323-BE841CD5F605}.Release|iPhone.Build.0 = Release|Any CPU
		{5AC8C8A9-CBBC-4FB5-8323-BE841CD5F605}.Release|iPhoneSimulator.ActiveCfg = Release|Any CPU
		{5AC8C8A9-CBBC-4FB5-8323-BE841CD5F605}.Release|iPhoneSimulator.Build.0 = Release|Any CPU
		{BDC99CB9-5757-45ED-8416-253DE6B13A0A}.Ad-Hoc|iPhone.ActiveCfg = Ad-Hoc|iPhone
		{BDC99CB9-5757-45ED-8416-253DE6B13A0A}.Ad-Hoc|iPhone.Build.0 = Ad-Hoc|iPhone
		{BDC99CB9-5757-45ED-8416-253DE6B13A0A}.AppStore|iPhone.ActiveCfg = AppStore|iPhone
		{BDC99CB9-5757-45ED-8416-253DE6B13A0A}.AppStore|iPhone.Build.0 = AppStore|iPhone
		{BDC99CB9-5757-45ED-8416-253DE6B13A0A}.Debug|Any CPU.ActiveCfg = Debug|iPhoneSimulator
		{BDC99CB9-5757-45ED-8416-253DE6B13A0A}.Debug|Any CPU.Build.0 = Debug|iPhoneSimulator
		{BDC99CB9-5757-45ED-8416-253DE6B13A0A}.Debug|iPhone.ActiveCfg = Debug|iPhone
		{BDC99CB9-5757-45ED-8416-253DE6B13A0A}.Debug|iPhone.Build.0 = Debug|iPhone
		{BDC99CB9-5757-45ED-8416-253DE6B13A0A}.Debug|iPhoneSimulator.ActiveCfg = Debug|iPhoneSimulator
		{BDC99CB9-5757-45ED-8416-253DE6B13A0A}.Debug|iPhoneSimulator.Build.0 = Debug|iPhoneSimulator
		{BDC99CB9-5757-45ED-8416-253DE6B13A0A}.Release|Any CPU.ActiveCfg = Release|iPhoneSimulator
		{BDC99CB9-5757-45ED-8416-253DE6B13A0A}.Release|Any CPU.Build.0 = Release|iPhoneSimulator
		{BDC99CB9-5757-45ED-8416-253DE6B13A0A}.Release|iPhone.ActiveCfg = Release|iPhone
		{BDC99CB9-5757-45ED-8416-253DE6B13A0A}.Release|iPhone.Build.0 = Release|iPhone
		{BDC99CB9-5757-45ED-8416-253DE6B13A0A}.Release|iPhoneSimulator.ActiveCfg = Release|iPhoneSimulator
		{BDC99CB9-5757-45ED-8416-253DE6B13A0A}.Release|iPhoneSimulator.Build.0 = Release|iPhoneSimulator
	EndGlobalSection
EndGlobal
